
Microsoft Visual Studio Solution File, Format Version 11.00
# Visual Studio 2010
Project("{FAE04EC0-301F-11D3-BF4B-00C04F79EFBC}") = "Classic.Implementation", "Classic.Implementation\Classic.Implementation.csproj", "{5D9D182D-AB7A-43C1-8F81-AF2BDBF42E3E}"
EndProject
Project("{FAE04EC0-301F-11D3-BF4B-00C04F79EFBC}") = "Classic.Unit.Tests", "Classic.Unit.Tests\Classic.Unit.Tests.csproj", "{D197A62B-0473-4847-A4D3-583A7630D4AF}"
EndProject
Project("{FAE04EC0-301F-11D3-BF4B-00C04F79EFBC}") = "Classic.Integration.Tests", "Classic.Integration.Tests\Classic.Integration.Tests.csproj", "{2CC33081-15E0-4D61-BB6D-7061BAAE58D1}"
EndProject
Project("{FAE04EC0-301F-11D3-BF4B-00C04F79EFBC}") = "Classic.Acceptance.Tests", "Classic.Acceptance.Tests\Classic.Acceptance.Tests.csproj", "{949F1E59-DFC5-40BA-9A5E-ABAD176C9244}"
EndProject
Project("{FAE04EC0-301F-11D3-BF4B-00C04F79EFBC}") = "SmallInterface.Implementation", "SmallInterface.Implementation\SmallInterface.Implementation.csproj", "{555F6263-C64B-430D-A801-3A6A1259E9AA}"
EndProject
Project("{FAE04EC0-301F-11D3-BF4B-00C04F79EFBC}") = "SmallInterface.AcceptanceTests", "SmallInterface.AcceptanceTests\SmallInterface.AcceptanceTests.csproj", "{923A75EB-0D87-48F9-BA95-2731D852BDD0}"
EndProject
Project("{FAE04EC0-301F-11D3-BF4B-00C04F79EFBC}") = "SmallInterface.Unit.Tests", "SmallInterface.Unit.Tests\SmallInterface.Unit.Tests.csproj", "{0CD45469-A471-4619-BF27-0FB5FA0BF155}"
EndProject
Project("{FAE04EC0-301F-11D3-BF4B-00C04F79EFBC}") = "SmallInterface.Integration.Tests", "SmallInterface.Integration.Tests\SmallInterface.Integration.Tests.csproj", "{E7102006-70AA-444D-B546-C0A0945AA97C}"
EndProject
Project("{FAE04EC0-301F-11D3-BF4B-00C04F79EFBC}") = "Fluent.Implementation", "Fluent.Implementation\Fluent.Implementation.csproj", "{7F878CF7-3E14-4B29-95B0-74367E6227DC}"
EndProject
Project("{FAE04EC0-301F-11D3-BF4B-00C04F79EFBC}") = "Fluent.Acceptance.Tests", "Fluent.Acceptance.Tests\Fluent.Acceptance.Tests.csproj", "{251F4716-8732-4992-BF02-E48AEB113190}"
EndProject
Project("{FAE04EC0-301F-11D3-BF4B-00C04F79EFBC}") = "Fluent.Integration.Tests", "Fluent.Integration.Tests\Fluent.Integration.Tests.csproj", "{0AEC7AF6-94ED-47B4-BE16-E2030235E2DA}"
EndProject
Project("{FAE04EC0-301F-11D3-BF4B-00C04F79EFBC}") = "Fluent.Unit.Tests", "Fluent.Unit.Tests\Fluent.Unit.Tests.csproj", "{EB5BB995-9366-4CAA-ACD9-A8B6111FA5C8}"
EndProject
Global
	GlobalSection(SolutionConfigurationPlatforms) = preSolution
		Debug|Any CPU = Debug|Any CPU
		Release|Any CPU = Release|Any CPU
	EndGlobalSection
	GlobalSection(ProjectConfigurationPlatforms) = postSolution
		{5D9D182D-AB7A-43C1-8F81-AF2BDBF42E3E}.Debug|Any CPU.ActiveCfg = Debug|Any CPU
		{5D9D182D-AB7A-43C1-8F81-AF2BDBF42E3E}.Debug|Any CPU.Build.0 = Debug|Any CPU
		{5D9D182D-AB7A-43C1-8F81-AF2BDBF42E3E}.Release|Any CPU.ActiveCfg = Release|Any CPU
		{5D9D182D-AB7A-43C1-8F81-AF2BDBF42E3E}.Release|Any CPU.Build.0 = Release|Any CPU
		{D197A62B-0473-4847-A4D3-583A7630D4AF}.Debug|Any CPU.ActiveCfg = Debug|Any CPU
		{D197A62B-0473-4847-A4D3-583A7630D4AF}.Debug|Any CPU.Build.0 = Debug|Any CPU
		{D197A62B-0473-4847-A4D3-583A7630D4AF}.Release|Any CPU.ActiveCfg = Release|Any CPU
		{D197A62B-0473-4847-A4D3-583A7630D4AF}.Release|Any CPU.Build.0 = Release|Any CPU
		{2CC33081-15E0-4D61-BB6D-7061BAAE58D1}.Debug|Any CPU.ActiveCfg = Debug|Any CPU
		{2CC33081-15E0-4D61-BB6D-7061BAAE58D1}.Debug|Any CPU.Build.0 = Debug|Any CPU
		{2CC33081-15E0-4D61-BB6D-7061BAAE58D1}.Release|Any CPU.ActiveCfg = Release|Any CPU
		{2CC33081-15E0-4D61-BB6D-7061BAAE58D1}.Release|Any CPU.Build.0 = Release|Any CPU
		{949F1E59-DFC5-40BA-9A5E-ABAD176C9244}.Debug|Any CPU.ActiveCfg = Debug|Any CPU
		{949F1E59-DFC5-40BA-9A5E-ABAD176C9244}.Debug|Any CPU.Build.0 = Debug|Any CPU
		{949F1E59-DFC5-40BA-9A5E-ABAD176C9244}.Release|Any CPU.ActiveCfg = Release|Any CPU
		{949F1E59-DFC5-40BA-9A5E-ABAD176C9244}.Release|Any CPU.Build.0 = Release|Any CPU
		{555F6263-C64B-430D-A801-3A6A1259E9AA}.Debug|Any CPU.ActiveCfg = Debug|Any CPU
		{555F6263-C64B-430D-A801-3A6A1259E9AA}.Debug|Any CPU.Build.0 = Debug|Any CPU
		{555F6263-C64B-430D-A801-3A6A1259E9AA}.Release|Any CPU.ActiveCfg = Release|Any CPU
		{555F6263-C64B-430D-A801-3A6A1259E9AA}.Release|Any CPU.Build.0 = Release|Any CPU
		{923A75EB-0D87-48F9-BA95-2731D852BDD0}.Debug|Any CPU.ActiveCfg = Debug|Any CPU
		{923A75EB-0D87-48F9-BA95-2731D852BDD0}.Debug|Any CPU.Build.0 = Debug|Any CPU
		{923A75EB-0D87-48F9-BA95-2731D852BDD0}.Release|Any CPU.ActiveCfg = Release|Any CPU
		{923A75EB-0D87-48F9-BA95-2731D852BDD0}.Release|Any CPU.Build.0 = Release|Any CPU
		{0CD45469-A471-4619-BF27-0FB5FA0BF155}.Debug|Any CPU.ActiveCfg = Debug|Any CPU
		{0CD45469-A471-4619-BF27-0FB5FA0BF155}.Debug|Any CPU.Build.0 = Debug|Any CPU
		{0CD45469-A471-4619-BF27-0FB5FA0BF155}.Release|Any CPU.ActiveCfg = Release|Any CPU
		{0CD45469-A471-4619-BF27-0FB5FA0BF155}.Release|Any CPU.Build.0 = Release|Any CPU
		{E7102006-70AA-444D-B546-C0A0945AA97C}.Debug|Any CPU.ActiveCfg = Debug|Any CPU
		{E7102006-70AA-444D-B546-C0A0945AA97C}.Debug|Any CPU.Build.0 = Debug|Any CPU
		{E7102006-70AA-444D-B546-C0A0945AA97C}.Release|Any CPU.ActiveCfg = Release|Any CPU
		{E7102006-70AA-444D-B546-C0A0945AA97C}.Release|Any CPU.Build.0 = Release|Any CPU
		{7F878CF7-3E14-4B29-95B0-74367E6227DC}.Debug|Any CPU.ActiveCfg = Debug|Any CPU
		{7F878CF7-3E14-4B29-95B0-74367E6227DC}.Debug|Any CPU.Build.0 = Debug|Any CPU
		{7F878CF7-3E14-4B29-95B0-74367E6227DC}.Release|Any CPU.ActiveCfg = Release|Any CPU
		{7F878CF7-3E14-4B29-95B0-74367E6227DC}.Release|Any CPU.Build.0 = Release|Any CPU
		{251F4716-8732-4992-BF02-E48AEB113190}.Debug|Any CPU.ActiveCfg = Debug|Any CPU
		{251F4716-8732-4992-BF02-E48AEB113190}.Debug|Any CPU.Build.0 = Debug|Any CPU
		{251F4716-8732-4992-BF02-E48AEB113190}.Release|Any CPU.ActiveCfg = Release|Any CPU
		{251F4716-8732-4992-BF02-E48AEB113190}.Release|Any CPU.Build.0 = Release|Any CPU
		{0AEC7AF6-94ED-47B4-BE16-E2030235E2DA}.Debug|Any CPU.ActiveCfg = Debug|Any CPU
		{0AEC7AF6-94ED-47B4-BE16-E2030235E2DA}.Debug|Any CPU.Build.0 = Debug|Any CPU
		{0AEC7AF6-94ED-47B4-BE16-E2030235E2DA}.Release|Any CPU.ActiveCfg = Release|Any CPU
		{0AEC7AF6-94ED-47B4-BE16-E2030235E2DA}.Release|Any CPU.Build.0 = Release|Any CPU
		{EB5BB995-9366-4CAA-ACD9-A8B6111FA5C8}.Debug|Any CPU.ActiveCfg = Debug|Any CPU
		{EB5BB995-9366-4CAA-ACD9-A8B6111FA5C8}.Debug|Any CPU.Build.0 = Debug|Any CPU
		{EB5BB995-9366-4CAA-ACD9-A8B6111FA5C8}.Release|Any CPU.ActiveCfg = Release|Any CPU
		{EB5BB995-9366-4CAA-ACD9-A8B6111FA5C8}.Release|Any CPU.Build.0 = Release|Any CPU
	EndGlobalSection
	GlobalSection(SolutionProperties) = preSolution
		HideSolutionNode = FALSE
	EndGlobalSection
EndGlobal
